
Microsoft Visual Studio Solution File, Format Version 12.00
# Visual Studio Version 16
VisualStudioVersion = 16.0.32630.194
MinimumVisualStudioVersion = 10.0.40219.1
Project("{FAE04EC0-301F-11D3-BF4B-00C04F79EFBC}") = "Sprint 1", "Sprint 1\Sprint 1.csproj", "{2F5FB986-7AFE-4D92-A96E-1A82B98A78AC}"
EndProject
Global
	GlobalSection(SolutionConfigurationPlatforms) = preSolution
		Debug|Any CPU = Debug|Any CPU
		Release|Any CPU = Release|Any CPU
	EndGlobalSection
	GlobalSection(ProjectConfigurationPlatforms) = postSolution
		{2F5FB986-7AFE-4D92-A96E-1A82B98A78AC}.Debug|Any CPU.ActiveCfg = Debug|Any CPU
		{2F5FB986-7AFE-4D92-A96E-1A82B98A78AC}.Debug|Any CPU.Build.0 = Debug|Any CPU
		{2F5FB986-7AFE-4D92-A96E-1A82B98A78AC}.Release|Any CPU.ActiveCfg = Release|Any CPU
		{2F5FB986-7AFE-4D92-A96E-1A82B98A78AC}.Release|Any CPU.Build.0 = Release|Any CPU
	EndGlobalSection
	GlobalSection(SolutionProperties) = preSolution
		HideSolutionNode = FALSE
	EndGlobalSection
	GlobalSection(ExtensibilityGlobals) = postSolution
		SolutionGuid = {3BDF3983-F3BE-4FE9-A0CD-99A9DC278B0A}
	EndGlobalSection
EndGlobal
