
Microsoft Visual Studio Solution File, Format Version 12.00
# Visual Studio Version 16
VisualStudioVersion = 16.0.33423.256
MinimumVisualStudioVersion = 10.0.40219.1
Project("{FAE04EC0-301F-11D3-BF4B-00C04F79EFBC}") = "FallingDistance", "FallingDistance\FallingDistance.csproj", "{2D6518CB-3CDC-4A2F-9C2F-2EB498B216B6}"
EndProject
Global
	GlobalSection(SolutionConfigurationPlatforms) = preSolution
		Debug|Any CPU = Debug|Any CPU
		Release|Any CPU = Release|Any CPU
	EndGlobalSection
	GlobalSection(ProjectConfigurationPlatforms) = postSolution
		{2D6518CB-3CDC-4A2F-9C2F-2EB498B216B6}.Debug|Any CPU.ActiveCfg = Debug|Any CPU
		{2D6518CB-3CDC-4A2F-9C2F-2EB498B216B6}.Debug|Any CPU.Build.0 = Debug|Any CPU
		{2D6518CB-3CDC-4A2F-9C2F-2EB498B216B6}.Release|Any CPU.ActiveCfg = Release|Any CPU
		{2D6518CB-3CDC-4A2F-9C2F-2EB498B216B6}.Release|Any CPU.Build.0 = Release|Any CPU
	EndGlobalSection
	GlobalSection(SolutionProperties) = preSolution
		HideSolutionNode = FALSE
	EndGlobalSection
	GlobalSection(ExtensibilityGlobals) = postSolution
		SolutionGuid = {B0AB75E7-7077-4995-8414-8A2B4256E9C2}
	EndGlobalSection
EndGlobal
