
Microsoft Visual Studio Solution File, Format Version 12.00
# Visual Studio Version 16
VisualStudioVersion = 16.0.32630.194
MinimumVisualStudioVersion = 10.0.40219.1
Project("{FAE04EC0-301F-11D3-BF4B-00C04F79EFBC}") = "HospitalCharges", "HospitalCharges\HospitalCharges.csproj", "{7DF8B443-A48F-403E-9BFC-856F0FE32C39}"
EndProject
Global
	GlobalSection(SolutionConfigurationPlatforms) = preSolution
		Debug|Any CPU = Debug|Any CPU
		Release|Any CPU = Release|Any CPU
	EndGlobalSection
	GlobalSection(ProjectConfigurationPlatforms) = postSolution
		{7DF8B443-A48F-403E-9BFC-856F0FE32C39}.Debug|Any CPU.ActiveCfg = Debug|Any CPU
		{7DF8B443-A48F-403E-9BFC-856F0FE32C39}.Debug|Any CPU.Build.0 = Debug|Any CPU
		{7DF8B443-A48F-403E-9BFC-856F0FE32C39}.Release|Any CPU.ActiveCfg = Release|Any CPU
		{7DF8B443-A48F-403E-9BFC-856F0FE32C39}.Release|Any CPU.Build.0 = Release|Any CPU
	EndGlobalSection
	GlobalSection(SolutionProperties) = preSolution
		HideSolutionNode = FALSE
	EndGlobalSection
	GlobalSection(ExtensibilityGlobals) = postSolution
		SolutionGuid = {1BCEDA31-69DD-4D07-B16A-C2B73BE67E6F}
	EndGlobalSection
EndGlobal
